
Microsoft Visual Studio Solution File, Format Version 12.00
# Visual Studio 2012
Project("{FAE04EC0-301F-11D3-BF4B-00C04F79EFBC}") = "Construct.Build.Tasks", "BuildTasks\Construct.Build.Tasks.csproj", "{F470E4D4-7719-4A8D-BD7C-CCB48CB62992}"
EndProject
Project("{FAE04EC0-301F-11D3-BF4B-00C04F79EFBC}") = "Construct.Build.Template", "BuildTemplates\Construct.Build.Template.csproj", "{1124B036-FE38-47CD-9816-48D0FAA86C12}"
EndProject
Project("{FAE04EC0-301F-11D3-BF4B-00C04F79EFBC}") = "Construct.Build.Tasks.Test", "..\Test\BuildTasks\Construct.Build.Tasks.Test.csproj", "{073E32C8-BB09-4033-90B2-7EE0057AB104}"
EndProject
Project("{2150E333-8FDC-42A3-9474-1A3956D46DE8}") = "Solution Items", "Solution Items", "{265F29A9-F55C-46B7-8898-9E22A0F69643}"
	ProjectSection(SolutionItems) = preProject
		construct.vsmdi = construct.vsmdi
		..\local.testsettings = ..\local.testsettings
	EndProjectSection
EndProject
Project("{FAE04EC0-301F-11D3-BF4B-00C04F79EFBC}") = "Coldwater.Construct.Silverlight.Sample.Unit.Test", "..\Test\Coldwater.Construct.Silverlight.Sample.Unit.Test\Coldwater.Construct.Silverlight.Sample.Unit.Test.csproj", "{AF1B08B8-4ABD-44AC-B014-8A8BE7659264}"
EndProject
Project("{2150E333-8FDC-42A3-9474-1A3956D46DE8}") = "Tests", "Tests", "{167C1FF7-29CC-41EE-93FA-05688669C70C}"
EndProject
Project("{FAE04EC0-301F-11D3-BF4B-00C04F79EFBC}") = "Construct.Tfs.Activities", "BuildActivities\Construct.Tfs.Activities.csproj", "{88766589-95D5-4DE0-BE01-07FD2B62AA68}"
EndProject
Project("{FAE04EC0-301F-11D3-BF4B-00C04F79EFBC}") = "Construct.Build.Activities.Test", "..\Test\BuildActivities\Construct.Build.Activities.Test.csproj", "{B9AE1EEB-1BF8-4ECA-9B9B-7DA802A77290}"
EndProject
Global
	GlobalSection(TestCaseManagementSettings) = postSolution
		CategoryFile = construct.vsmdi
	EndGlobalSection
	GlobalSection(SolutionConfigurationPlatforms) = preSolution
		Debug|Any CPU = Debug|Any CPU
		Release|Any CPU = Release|Any CPU
	EndGlobalSection
	GlobalSection(ProjectConfigurationPlatforms) = postSolution
		{F470E4D4-7719-4A8D-BD7C-CCB48CB62992}.Debug|Any CPU.ActiveCfg = Debug|Any CPU
		{F470E4D4-7719-4A8D-BD7C-CCB48CB62992}.Debug|Any CPU.Build.0 = Debug|Any CPU
		{F470E4D4-7719-4A8D-BD7C-CCB48CB62992}.Release|Any CPU.ActiveCfg = Release|Any CPU
		{F470E4D4-7719-4A8D-BD7C-CCB48CB62992}.Release|Any CPU.Build.0 = Release|Any CPU
		{1124B036-FE38-47CD-9816-48D0FAA86C12}.Debug|Any CPU.ActiveCfg = Debug|Any CPU
		{1124B036-FE38-47CD-9816-48D0FAA86C12}.Debug|Any CPU.Build.0 = Debug|Any CPU
		{1124B036-FE38-47CD-9816-48D0FAA86C12}.Release|Any CPU.ActiveCfg = Release|Any CPU
		{1124B036-FE38-47CD-9816-48D0FAA86C12}.Release|Any CPU.Build.0 = Release|Any CPU
		{073E32C8-BB09-4033-90B2-7EE0057AB104}.Debug|Any CPU.ActiveCfg = Debug|Any CPU
		{073E32C8-BB09-4033-90B2-7EE0057AB104}.Debug|Any CPU.Build.0 = Debug|Any CPU
		{073E32C8-BB09-4033-90B2-7EE0057AB104}.Release|Any CPU.ActiveCfg = Release|Any CPU
		{073E32C8-BB09-4033-90B2-7EE0057AB104}.Release|Any CPU.Build.0 = Release|Any CPU
		{AF1B08B8-4ABD-44AC-B014-8A8BE7659264}.Debug|Any CPU.ActiveCfg = Debug|Any CPU
		{AF1B08B8-4ABD-44AC-B014-8A8BE7659264}.Debug|Any CPU.Build.0 = Debug|Any CPU
		{AF1B08B8-4ABD-44AC-B014-8A8BE7659264}.Release|Any CPU.ActiveCfg = Release|Any CPU
		{AF1B08B8-4ABD-44AC-B014-8A8BE7659264}.Release|Any CPU.Build.0 = Release|Any CPU
		{88766589-95D5-4DE0-BE01-07FD2B62AA68}.Debug|Any CPU.ActiveCfg = Debug|Any CPU
		{88766589-95D5-4DE0-BE01-07FD2B62AA68}.Debug|Any CPU.Build.0 = Debug|Any CPU
		{88766589-95D5-4DE0-BE01-07FD2B62AA68}.Release|Any CPU.ActiveCfg = Release|Any CPU
		{88766589-95D5-4DE0-BE01-07FD2B62AA68}.Release|Any CPU.Build.0 = Release|Any CPU
		{B9AE1EEB-1BF8-4ECA-9B9B-7DA802A77290}.Debug|Any CPU.ActiveCfg = Debug|Any CPU
		{B9AE1EEB-1BF8-4ECA-9B9B-7DA802A77290}.Debug|Any CPU.Build.0 = Debug|Any CPU
		{B9AE1EEB-1BF8-4ECA-9B9B-7DA802A77290}.Release|Any CPU.ActiveCfg = Release|Any CPU
		{B9AE1EEB-1BF8-4ECA-9B9B-7DA802A77290}.Release|Any CPU.Build.0 = Release|Any CPU
	EndGlobalSection
	GlobalSection(SolutionProperties) = preSolution
		HideSolutionNode = FALSE
	EndGlobalSection
	GlobalSection(NestedProjects) = preSolution
		{AF1B08B8-4ABD-44AC-B014-8A8BE7659264} = {167C1FF7-29CC-41EE-93FA-05688669C70C}
		{073E32C8-BB09-4033-90B2-7EE0057AB104} = {167C1FF7-29CC-41EE-93FA-05688669C70C}
		{B9AE1EEB-1BF8-4ECA-9B9B-7DA802A77290} = {167C1FF7-29CC-41EE-93FA-05688669C70C}
	EndGlobalSection
EndGlobal
