
Microsoft Visual Studio Solution File, Format Version 11.00
# Visual Studio 2010
Project("{FAE04EC0-301F-11D3-BF4B-00C04F79EFBC}") = "NugetServer", "NugetServer\NugetServer.csproj", "{F170DB19-70C2-4071-AA02-6226C10214D1}"
EndProject
Global
	GlobalSection(TeamFoundationVersionControl) = preSolution
		SccNumberOfProjects = 2
		SccEnterpriseProvider = {4CA58AB2-18FA-4F8D-95D4-32DDF27D184C}
		SccTeamFoundationServer = https://tfs.coldwatersoftware.com/tfs/coldwater
		SccProjectUniqueName0 = NugetServer\\NugetServer.csproj
		SccProjectName0 = NugetServer
		SccLocalPath0 = NugetServer
		SccLocalPath1 = .
	EndGlobalSection
	GlobalSection(SolutionConfigurationPlatforms) = preSolution
		Debug|Any CPU = Debug|Any CPU
		Release|Any CPU = Release|Any CPU
	EndGlobalSection
	GlobalSection(ProjectConfigurationPlatforms) = postSolution
		{F170DB19-70C2-4071-AA02-6226C10214D1}.Debug|Any CPU.ActiveCfg = Debug|Any CPU
		{F170DB19-70C2-4071-AA02-6226C10214D1}.Debug|Any CPU.Build.0 = Debug|Any CPU
		{F170DB19-70C2-4071-AA02-6226C10214D1}.Release|Any CPU.ActiveCfg = Release|Any CPU
		{F170DB19-70C2-4071-AA02-6226C10214D1}.Release|Any CPU.Build.0 = Release|Any CPU
	EndGlobalSection
	GlobalSection(SolutionProperties) = preSolution
		HideSolutionNode = FALSE
	EndGlobalSection
EndGlobal
